
Microsoft Visual Studio Solution File, Format Version 12.00
# Visual Studio 15
VisualStudioVersion = 15.0.27130.2024
MinimumVisualStudioVersion = 10.0.40219.1
Project("{FAE04EC0-301F-11D3-BF4B-00C04F79EFBC}") = "Fractal", "Fractal\Fractal.csproj", "{C474AA06-89C1-4639-B270-AFC3D12F2A22}"
EndProject
Global
	GlobalSection(SolutionConfigurationPlatforms) = preSolution
		Debug|Any CPU = Debug|Any CPU
		Release|Any CPU = Release|Any CPU
	EndGlobalSection
	GlobalSection(ProjectConfigurationPlatforms) = postSolution
		{C474AA06-89C1-4639-B270-AFC3D12F2A22}.Debug|Any CPU.ActiveCfg = Debug|Any CPU
		{C474AA06-89C1-4639-B270-AFC3D12F2A22}.Debug|Any CPU.Build.0 = Debug|Any CPU
		{C474AA06-89C1-4639-B270-AFC3D12F2A22}.Release|Any CPU.ActiveCfg = Release|Any CPU
		{C474AA06-89C1-4639-B270-AFC3D12F2A22}.Release|Any CPU.Build.0 = Release|Any CPU
	EndGlobalSection
	GlobalSection(SolutionProperties) = preSolution
		HideSolutionNode = FALSE
	EndGlobalSection
	GlobalSection(ExtensibilityGlobals) = postSolution
		SolutionGuid = {556AEE4E-E3CD-4EE9-9C04-088AA70C16E7}
	EndGlobalSection
EndGlobal
